// !$*UTF8*$!
{
	archiveVersion = 1;
	classes = {
	};
	objectVersion = 52;
	objects = {

/* Begin PBXBuildFile section */
		01A181C322E2C62500C5AFFF /* AppDelegate.swift in Sources */ = {isa = PBXBuildFile; fileRef = 01A181C222E2C62500C5AFFF /* AppDelegate.swift */; };
		01A181C522E2C62500C5AFFF /* ViewController.swift in Sources */ = {isa = PBXBuildFile; fileRef = 01A181C422E2C62500C5AFFF /* ViewController.swift */; };
		01A181C822E2C62500C5AFFF /* Main.storyboard in Resources */ = {isa = PBXBuildFile; fileRef = 01A181C622E2C62500C5AFFF /* Main.storyboard */; };
		01A181CA22E2C62700C5AFFF /* Assets.xcassets in Resources */ = {isa = PBXBuildFile; fileRef = 01A181C922E2C62700C5AFFF /* Assets.xcassets */; };
		01A181CD22E2C62700C5AFFF /* LaunchScreen.storyboard in Resources */ = {isa = PBXBuildFile; fileRef = 01A181CB22E2C62700C5AFFF /* LaunchScreen.storyboard */; };
		01A181D722E2D79500C5AFFF /* AudioPlayer.swift in Sources */ = {isa = PBXBuildFile; fileRef = 01A181D622E2D79500C5AFFF /* AudioPlayer.swift */; };
		01A181DD22E3CBA500C5AFFF /* Store.swift in Sources */ = {isa = PBXBuildFile; fileRef = 01A181DC22E3CBA500C5AFFF /* Store.swift */; };
		01EC9B99251F11C700EB6E83 /* vacuum.wav in Resources */ = {isa = PBXBuildFile; fileRef = 01EC9B98251F11C700EB6E83 /* vacuum.wav */; };
		01EC9B9C251F1C1700EB6E83 /* ViewModel.swift in Sources */ = {isa = PBXBuildFile; fileRef = 01EC9B9B251F1C1700EB6E83 /* ViewModel.swift */; };
		01EC9BA7251F529000EB6E83 /* MultipeerManager.swift in Sources */ = {isa = PBXBuildFile; fileRef = 01EC9BA6251F529000EB6E83 /* MultipeerManager.swift */; };
		01EC9BAC251F5BDF00EB6E83 /* MultipeerKitDynamic in Frameworks */ = {isa = PBXBuildFile; productRef = 01EC9BAB251F5BDF00EB6E83 /* MultipeerKitDynamic */; };
		01EC9BAD251F5BDF00EB6E83 /* MultipeerKitDynamic in Embed Frameworks */ = {isa = PBXBuildFile; productRef = 01EC9BAB251F5BDF00EB6E83 /* MultipeerKitDynamic */; settings = {ATTRIBUTES = (CodeSignOnCopy, ); }; };
/* End PBXBuildFile section */

/* Begin PBXCopyFilesBuildPhase section */
		01EC9BAE251F5BE000EB6E83 /* Embed Frameworks */ = {
			isa = PBXCopyFilesBuildPhase;
			buildActionMask = 2147483647;
			dstPath = "";
			dstSubfolderSpec = 10;
			files = (
				01EC9BAD251F5BDF00EB6E83 /* MultipeerKitDynamic in Embed Frameworks */,
			);
			name = "Embed Frameworks";
			runOnlyForDeploymentPostprocessing = 0;
		};
/* End PBXCopyFilesBuildPhase section */

/* Begin PBXFileReference section */
		01A181BF22E2C62500C5AFFF /* GoGoGadgetVacuum.app */ = {isa = PBXFileReference; explicitFileType = wrapper.application; includeInIndex = 0; path = GoGoGadgetVacuum.app; sourceTree = BUILT_PRODUCTS_DIR; };
		01A181C222E2C62500C5AFFF /* AppDelegate.swift */ = {isa = PBXFileReference; lastKnownFileType = sourcecode.swift; path = AppDelegate.swift; sourceTree = "<group>"; };
		01A181C422E2C62500C5AFFF /* ViewController.swift */ = {isa = PBXFileReference; lastKnownFileType = sourcecode.swift; path = ViewController.swift; sourceTree = "<group>"; };
		01A181C722E2C62500C5AFFF /* Base */ = {isa = PBXFileReference; lastKnownFileType = file.storyboard; name = Base; path = Base.lproj/Main.storyboard; sourceTree = "<group>"; };
		01A181C922E2C62700C5AFFF /* Assets.xcassets */ = {isa = PBXFileReference; lastKnownFileType = folder.assetcatalog; path = Assets.xcassets; sourceTree = "<group>"; };
		01A181CC22E2C62700C5AFFF /* Base */ = {isa = PBXFileReference; lastKnownFileType = file.storyboard; name = Base; path = Base.lproj/LaunchScreen.storyboard; sourceTree = "<group>"; };
		01A181CE22E2C62700C5AFFF /* Info.plist */ = {isa = PBXFileReference; lastKnownFileType = text.plist.xml; path = Info.plist; sourceTree = "<group>"; };
		01A181D622E2D79500C5AFFF /* AudioPlayer.swift */ = {isa = PBXFileReference; lastKnownFileType = sourcecode.swift; path = AudioPlayer.swift; sourceTree = "<group>"; };
		01A181DC22E3CBA500C5AFFF /* Store.swift */ = {isa = PBXFileReference; lastKnownFileType = sourcecode.swift; path = Store.swift; sourceTree = "<group>"; };
		01EC9B98251F11C700EB6E83 /* vacuum.wav */ = {isa = PBXFileReference; lastKnownFileType = audio.wav; path = vacuum.wav; sourceTree = "<group>"; };
		01EC9B9B251F1C1700EB6E83 /* ViewModel.swift */ = {isa = PBXFileReference; lastKnownFileType = sourcecode.swift; path = ViewModel.swift; sourceTree = "<group>"; };
		01EC9BA6251F529000EB6E83 /* MultipeerManager.swift */ = {isa = PBXFileReference; lastKnownFileType = sourcecode.swift; path = MultipeerManager.swift; sourceTree = "<group>"; };
/* End PBXFileReference section */

/* Begin PBXFrameworksBuildPhase section */
		01A181BC22E2C62500C5AFFF /* Frameworks */ = {
			isa = PBXFrameworksBuildPhase;
			buildActionMask = 2147483647;
			files = (
				01EC9BAC251F5BDF00EB6E83 /* MultipeerKitDynamic in Frameworks */,
			);
			runOnlyForDeploymentPostprocessing = 0;
		};
/* End PBXFrameworksBuildPhase section */

/* Begin PBXGroup section */
		01A181B622E2C62500C5AFFF = {
			isa = PBXGroup;
			children = (
				01A181C122E2C62500C5AFFF /* GoGoGadgetVacuum */,
				01A181C022E2C62500C5AFFF /* Products */,
			);
			sourceTree = "<group>";
		};
		01A181C022E2C62500C5AFFF /* Products */ = {
			isa = PBXGroup;
			children = (
				01A181BF22E2C62500C5AFFF /* GoGoGadgetVacuum.app */,
			);
			name = Products;
			sourceTree = "<group>";
		};
		01A181C122E2C62500C5AFFF /* GoGoGadgetVacuum */ = {
			isa = PBXGroup;
			children = (
				01EC9B98251F11C700EB6E83 /* vacuum.wav */,
				01A181C222E2C62500C5AFFF /* AppDelegate.swift */,
				01A181C422E2C62500C5AFFF /* ViewController.swift */,
				01A181C622E2C62500C5AFFF /* Main.storyboard */,
				01A181C922E2C62700C5AFFF /* Assets.xcassets */,
				01A181CB22E2C62700C5AFFF /* LaunchScreen.storyboard */,
				01A181CE22E2C62700C5AFFF /* Info.plist */,
				01A181D622E2D79500C5AFFF /* AudioPlayer.swift */,
				01A181DC22E3CBA500C5AFFF /* Store.swift */,
				01EC9B9B251F1C1700EB6E83 /* ViewModel.swift */,
				01EC9BA6251F529000EB6E83 /* MultipeerManager.swift */,
			);
			path = GoGoGadgetVacuum;
			sourceTree = "<group>";
		};
/* End PBXGroup section */

/* Begin PBXNativeTarget section */
		01A181BE22E2C62500C5AFFF /* GoGoGadgetVacuum */ = {
			isa = PBXNativeTarget;
			buildConfigurationList = 01A181D122E2C62700C5AFFF /* Build configuration list for PBXNativeTarget "GoGoGadgetVacuum" */;
			buildPhases = (
				01A181BB22E2C62500C5AFFF /* Sources */,
				01A181BC22E2C62500C5AFFF /* Frameworks */,
				01A181BD22E2C62500C5AFFF /* Resources */,
				01EC9BAE251F5BE000EB6E83 /* Embed Frameworks */,
			);
			buildRules = (
			);
			dependencies = (
			);
			name = GoGoGadgetVacuum;
			packageProductDependencies = (
				01EC9BAB251F5BDF00EB6E83 /* MultipeerKitDynamic */,
			);
			productName = GoGoGadgetVacuum;
			productReference = 01A181BF22E2C62500C5AFFF /* GoGoGadgetVacuum.app */;
			productType = "com.apple.product-type.application";
		};
/* End PBXNativeTarget section */

/* Begin PBXProject section */
		01A181B722E2C62500C5AFFF /* Project object */ = {
			isa = PBXProject;
			attributes = {
				LastSwiftUpdateCheck = 1020;
				LastUpgradeCheck = 1200;
				ORGANIZATIONNAME = "Vipul Delwadia";
				TargetAttributes = {
					01A181BE22E2C62500C5AFFF = {
						CreatedOnToolsVersion = 10.2.1;
						SystemCapabilities = {
							com.apple.BackgroundModes = {
								enabled = 1;
							};
							com.apple.Push = {
								enabled = 1;
							};
							com.apple.iCloud = {
								enabled = 1;
							};
						};
					};
				};
			};
			buildConfigurationList = 01A181BA22E2C62500C5AFFF /* Build configuration list for PBXProject "GoGoGadgetVacuum" */;
			compatibilityVersion = "Xcode 9.3";
			developmentRegion = en;
			hasScannedForEncodings = 0;
			knownRegions = (
				en,
				Base,
			);
			mainGroup = 01A181B622E2C62500C5AFFF;
			packageReferences = (
				01EC9BAA251F5BDF00EB6E83 /* XCRemoteSwiftPackageReference "MultipeerKit" */,
			);
			productRefGroup = 01A181C022E2C62500C5AFFF /* Products */;
			projectDirPath = "";
			projectRoot = "";
			targets = (
				01A181BE22E2C62500C5AFFF /* GoGoGadgetVacuum */,
			);
		};
/* End PBXProject section */

/* Begin PBXResourcesBuildPhase section */
		01A181BD22E2C62500C5AFFF /* Resources */ = {
			isa = PBXResourcesBuildPhase;
			buildActionMask = 2147483647;
			files = (
				01A181CD22E2C62700C5AFFF /* LaunchScreen.storyboard in Resources */,
				01A181CA22E2C62700C5AFFF /* Assets.xcassets in Resources */,
				01A181C822E2C62500C5AFFF /* Main.storyboard in Resources */,
				01EC9B99251F11C700EB6E83 /* vacuum.wav in Resources */,
			);
			runOnlyForDeploymentPostprocessing = 0;
		};
/* End PBXResourcesBuildPhase section */

/* Begin PBXSourcesBuildPhase section */
		01A181BB22E2C62500C5AFFF /* Sources */ = {
			isa = PBXSourcesBuildPhase;
			buildActionMask = 2147483647;
			files = (
				01A181C522E2C62500C5AFFF /* ViewController.swift in Sources */,
				01EC9BA7251F529000EB6E83 /* MultipeerManager.swift in Sources */,
				01A181C322E2C62500C5AFFF /* AppDelegate.swift in Sources */,
				01A181D722E2D79500C5AFFF /* AudioPlayer.swift in Sources */,
				01EC9B9C251F1C1700EB6E83 /* ViewModel.swift in Sources */,
				01A181DD22E3CBA500C5AFFF /* Store.swift in Sources */,
			);
			runOnlyForDeploymentPostprocessing = 0;
		};
/* End PBXSourcesBuildPhase section */

/* Begin PBXVariantGroup section */
		01A181C622E2C62500C5AFFF /* Main.storyboard */ = {
			isa = PBXVariantGroup;
			children = (
				01A181C722E2C62500C5AFFF /* Base */,
			);
			name = Main.storyboard;
			sourceTree = "<group>";
		};
		01A181CB22E2C62700C5AFFF /* LaunchScreen.storyboard */ = {
			isa = PBXVariantGroup;
			children = (
				01A181CC22E2C62700C5AFFF /* Base */,
			);
			name = LaunchScreen.storyboard;
			sourceTree = "<group>";
		};
/* End PBXVariantGroup section */

/* Begin XCBuildConfiguration section */
		01A181CF22E2C62700C5AFFF /* Debug */ = {
			isa = XCBuildConfiguration;
			buildSettings = {
				ALWAYS_SEARCH_USER_PATHS = NO;
				CLANG_ANALYZER_NONNULL = YES;
				CLANG_ANALYZER_NUMBER_OBJECT_CONVERSION = YES_AGGRESSIVE;
				CLANG_CXX_LANGUAGE_STANDARD = "gnu++14";
				CLANG_CXX_LIBRARY = "libc++";
				CLANG_ENABLE_MODULES = YES;
				CLANG_ENABLE_OBJC_ARC = YES;
				CLANG_ENABLE_OBJC_WEAK = YES;
				CLANG_WARN_BLOCK_CAPTURE_AUTORELEASING = YES;
				CLANG_WARN_BOOL_CONVERSION = YES;
				CLANG_WARN_COMMA = YES;
				CLANG_WARN_CONSTANT_CONVERSION = YES;
				CLANG_WARN_DEPRECATED_OBJC_IMPLEMENTATIONS = YES;
				CLANG_WARN_DIRECT_OBJC_ISA_USAGE = YES_ERROR;
				CLANG_WARN_DOCUMENTATION_COMMENTS = YES;
				CLANG_WARN_EMPTY_BODY = YES;
				CLANG_WARN_ENUM_CONVERSION = YES;
				CLANG_WARN_INFINITE_RECURSION = YES;
				CLANG_WARN_INT_CONVERSION = YES;
				CLANG_WARN_NON_LITERAL_NULL_CONVERSION = YES;
				CLANG_WARN_OBJC_IMPLICIT_RETAIN_SELF = YES;
				CLANG_WARN_OBJC_LITERAL_CONVERSION = YES;
				CLANG_WARN_OBJC_ROOT_CLASS = YES_ERROR;
				CLANG_WARN_QUOTED_INCLUDE_IN_FRAMEWORK_HEADER = YES;
				CLANG_WARN_RANGE_LOOP_ANALYSIS = YES;
				CLANG_WARN_STRICT_PROTOTYPES = YES;
				CLANG_WARN_SUSPICIOUS_MOVE = YES;
				CLANG_WARN_UNGUARDED_AVAILABILITY = YES_AGGRESSIVE;
				CLANG_WARN_UNREACHABLE_CODE = YES;
				CLANG_WARN__DUPLICATE_METHOD_MATCH = YES;
				CODE_SIGN_IDENTITY = "Apple Development: vipul.delwadia@gmail.com (2Q34JEPRCN)";
				COPY_PHASE_STRIP = NO;
				DEBUG_INFORMATION_FORMAT = dwarf;
				ENABLE_STRICT_OBJC_MSGSEND = YES;
				ENABLE_TESTABILITY = YES;
				GCC_C_LANGUAGE_STANDARD = gnu11;
				GCC_DYNAMIC_NO_PIC = NO;
				GCC_NO_COMMON_BLOCKS = YES;
				GCC_OPTIMIZATION_LEVEL = 0;
				GCC_PREPROCESSOR_DEFINITIONS = (
					"DEBUG=1",
					"$(inherited)",
				);
				GCC_WARN_64_TO_32_BIT_CONVERSION = YES;
				GCC_WARN_ABOUT_RETURN_TYPE = YES_ERROR;
				GCC_WARN_UNDECLARED_SELECTOR = YES;
				GCC_WARN_UNINITIALIZED_AUTOS = YES_AGGRESSIVE;
				GCC_WARN_UNUSED_FUNCTION = YES;
				GCC_WARN_UNUSED_VARIABLE = YES;
				IPHONEOS_DEPLOYMENT_TARGET = 11.0;
				MTL_ENABLE_DEBUG_INFO = INCLUDE_SOURCE;
				MTL_FAST_MATH = YES;
				ONLY_ACTIVE_ARCH = YES;
				SDKROOT = iphoneos;
				SWIFT_ACTIVE_COMPILATION_CONDITIONS = DEBUG;
				SWIFT_OPTIMIZATION_LEVEL = "-Onone";
			};
			name = Debug;
		};
		01A181D022E2C62700C5AFFF /* Release */ = {
			isa = XCBuildConfiguration;
			buildSettings = {
				ALWAYS_SEARCH_USER_PATHS = NO;
				CLANG_ANALYZER_NONNULL = YES;
				CLANG_ANALYZER_NUMBER_OBJECT_CONVERSION = YES_AGGRESSIVE;
				CLANG_CXX_LANGUAGE_STANDARD = "gnu++14";
				CLANG_CXX_LIBRARY = "libc++";
				CLANG_ENABLE_MODULES = YES;
				CLANG_ENABLE_OBJC_ARC = YES;
				CLANG_ENABLE_OBJC_WEAK = YES;
				CLANG_WARN_BLOCK_CAPTURE_AUTORELEASING = YES;
				CLANG_WARN_BOOL_CONVERSION = YES;
				CLANG_WARN_COMMA = YES;
				CLANG_WARN_CONSTANT_CONVERSION = YES;
				CLANG_WARN_DEPRECATED_OBJC_IMPLEMENTATIONS = YES;
				CLANG_WARN_DIRECT_OBJC_ISA_USAGE = YES_ERROR;
				CLANG_WARN_DOCUMENTATION_COMMENTS = YES;
				CLANG_WARN_EMPTY_BODY = YES;
				CLANG_WARN_ENUM_CONVERSION = YES;
				CLANG_WARN_INFINITE_RECURSION = YES;
				CLANG_WARN_INT_CONVERSION = YES;
				CLANG_WARN_NON_LITERAL_NULL_CONVERSION = YES;
				CLANG_WARN_OBJC_IMPLICIT_RETAIN_SELF = YES;
				CLANG_WARN_OBJC_LITERAL_CONVERSION = YES;
				CLANG_WARN_OBJC_ROOT_CLASS = YES_ERROR;
				CLANG_WARN_QUOTED_INCLUDE_IN_FRAMEWORK_HEADER = YES;
				CLANG_WARN_RANGE_LOOP_ANALYSIS = YES;
				CLANG_WARN_STRICT_PROTOTYPES = YES;
				CLANG_WARN_SUSPICIOUS_MOVE = YES;
				CLANG_WARN_UNGUARDED_AVAILABILITY = YES_AGGRESSIVE;
				CLANG_WARN_UNREACHABLE_CODE = YES;
				CLANG_WARN__DUPLICATE_METHOD_MATCH = YES;
				CODE_SIGN_IDENTITY = "Apple Development: vipul.delwadia@gmail.com (2Q34JEPRCN)";
				COPY_PHASE_STRIP = NO;
				DEBUG_INFORMATION_FORMAT = "dwarf-with-dsym";
				ENABLE_NS_ASSERTIONS = NO;
				ENABLE_STRICT_OBJC_MSGSEND = YES;
				GCC_C_LANGUAGE_STANDARD = gnu11;
				GCC_NO_COMMON_BLOCKS = YES;
				GCC_WARN_64_TO_32_BIT_CONVERSION = YES;
				GCC_WARN_ABOUT_RETURN_TYPE = YES_ERROR;
				GCC_WARN_UNDECLARED_SELECTOR = YES;
				GCC_WARN_UNINITIALIZED_AUTOS = YES_AGGRESSIVE;
				GCC_WARN_UNUSED_FUNCTION = YES;
				GCC_WARN_UNUSED_VARIABLE = YES;
				IPHONEOS_DEPLOYMENT_TARGET = 11.0;
				MTL_ENABLE_DEBUG_INFO = NO;
				MTL_FAST_MATH = YES;
				SDKROOT = iphoneos;
				SWIFT_COMPILATION_MODE = wholemodule;
				SWIFT_OPTIMIZATION_LEVEL = "-O";
				VALIDATE_PRODUCT = YES;
			};
			name = Release;
		};
		01A181D222E2C62700C5AFFF /* Debug */ = {
			isa = XCBuildConfiguration;
			buildSettings = {
				ASSETCATALOG_COMPILER_APPICON_NAME = AppIcon;
				CODE_SIGN_ENTITLEMENTS = GoGoGadgetVacuum/GoGoGadgetVacuum.entitlements;
				CODE_SIGN_IDENTITY = "Apple Development";
				CODE_SIGN_STYLE = Automatic;
				DEVELOPMENT_TEAM = TLX7RVSV2G;
				INFOPLIST_FILE = GoGoGadgetVacuum/Info.plist;
				IPHONEOS_DEPLOYMENT_TARGET = 11.0;
				LD_RUNPATH_SEARCH_PATHS = (
					"$(inherited)",
					"@executable_path/Frameworks",
				);
				PRODUCT_BUNDLE_IDENTIFIER = nz.ac.r.GoGoGadgetVacuum;
				PRODUCT_NAME = "$(TARGET_NAME)";
				PROVISIONING_PROFILE_SPECIFIER = "";
				SWIFT_VERSION = 5.0;
				TARGETED_DEVICE_FAMILY = "1,2";
			};
			name = Debug;
		};
		01A181D322E2C62700C5AFFF /* Release */ = {
			isa = XCBuildConfiguration;
			buildSettings = {
				ASSETCATALOG_COMPILER_APPICON_NAME = AppIcon;
				CODE_SIGN_ENTITLEMENTS = GoGoGadgetVacuum/GoGoGadgetVacuum.entitlements;
				CODE_SIGN_IDENTITY = "Apple Development";
				CODE_SIGN_STYLE = Automatic;
				DEVELOPMENT_TEAM = TLX7RVSV2G;
				INFOPLIST_FILE = GoGoGadgetVacuum/Info.plist;
				IPHONEOS_DEPLOYMENT_TARGET = 11.0;
				LD_RUNPATH_SEARCH_PATHS = (
					"$(inherited)",
					"@executable_path/Frameworks",
				);
				PRODUCT_BUNDLE_IDENTIFIER = nz.ac.r.GoGoGadgetVacuum;
				PRODUCT_NAME = "$(TARGET_NAME)";
				PROVISIONING_PROFILE_SPECIFIER = "";
				SWIFT_VERSION = 5.0;
				TARGETED_DEVICE_FAMILY = "1,2";
			};
			name = Release;
		};
/* End XCBuildConfiguration section */

/* Begin XCConfigurationList section */
		01A181BA22E2C62500C5AFFF /* Build configuration list for PBXProject "GoGoGadgetVacuum" */ = {
			isa = XCConfigurationList;
			buildConfigurations = (
				01A181CF22E2C62700C5AFFF /* Debug */,
				01A181D022E2C62700C5AFFF /* Release */,
			);
			defaultConfigurationIsVisible = 0;
			defaultConfigurationName = Release;
		};
		01A181D122E2C62700C5AFFF /* Build configuration list for PBXNativeTarget "GoGoGadgetVacuum" */ = {
			isa = XCConfigurationList;
			buildConfigurations = (
				01A181D222E2C62700C5AFFF /* Debug */,
				01A181D322E2C62700C5AFFF /* Release */,
			);
			defaultConfigurationIsVisible = 0;
			defaultConfigurationName = Release;
		};
/* End XCConfigurationList section */

/* Begin XCRemoteSwiftPackageReference section */
		01EC9BAA251F5BDF00EB6E83 /* XCRemoteSwiftPackageReference "MultipeerKit" */ = {
			isa = XCRemoteSwiftPackageReference;
			repositoryURL = "http://github.com/vipuldelwadia/MultipeerKit";
			requirement = {
				branch = master;
				kind = branch;
			};
		};
/* End XCRemoteSwiftPackageReference section */

/* Begin XCSwiftPackageProductDependency section */
		01EC9BAB251F5BDF00EB6E83 /* MultipeerKitDynamic */ = {
			isa = XCSwiftPackageProductDependency;
			package = 01EC9BAA251F5BDF00EB6E83 /* XCRemoteSwiftPackageReference "MultipeerKit" */;
			productName = MultipeerKitDynamic;
		};
/* End XCSwiftPackageProductDependency section */
	};
	rootObject = 01A181B722E2C62500C5AFFF /* Project object */;
}
